
Microsoft Visual Studio Solution File, Format Version 12.00
# Visual Studio Version 17
VisualStudioVersion = 17.7.34221.43
MinimumVisualStudioVersion = 10.0.40219.1
Project("{FAE04EC0-301F-11D3-BF4B-00C04F79EFBC}") = "EFCore_DatabaseFirst", "EFCore_DatabaseFirst\EFCore_DatabaseFirst.csproj", "{5E7E8AAA-7004-4F22-B20A-B555CD68CE54}"
EndProject
Global
	GlobalSection(SolutionConfigurationPlatforms) = preSolution
		Debug|Any CPU = Debug|Any CPU
		Release|Any CPU = Release|Any CPU
	EndGlobalSection
	GlobalSection(ProjectConfigurationPlatforms) = postSolution
		{5E7E8AAA-7004-4F22-B20A-B555CD68CE54}.Debug|Any CPU.ActiveCfg = Debug|Any CPU
		{5E7E8AAA-7004-4F22-B20A-B555CD68CE54}.Debug|Any CPU.Build.0 = Debug|Any CPU
		{5E7E8AAA-7004-4F22-B20A-B555CD68CE54}.Release|Any CPU.ActiveCfg = Release|Any CPU
		{5E7E8AAA-7004-4F22-B20A-B555CD68CE54}.Release|Any CPU.Build.0 = Release|Any CPU
	EndGlobalSection
	GlobalSection(SolutionProperties) = preSolution
		HideSolutionNode = FALSE
	EndGlobalSection
	GlobalSection(ExtensibilityGlobals) = postSolution
		SolutionGuid = {379EE8CA-0C5A-45E8-A872-AAB945187C7D}
	EndGlobalSection
EndGlobal
